
Microsoft Visual Studio Solution File, Format Version 12.00
# Visual Studio Version 17
VisualStudioVersion = 17.0.31903.59
MinimumVisualStudioVersion = 10.0.40219.1
Project("{2150E333-8FDC-42A3-9474-1A3956D46DE8}") = "src", "src", "{827E0CD3-B72D-47B6-A68D-7590B98EB39B}"
EndProject
Project("{FAE04EC0-301F-11D3-BF4B-00C04F79EFBC}") = "Application", "src\Application\Application.csproj", "{366B070F-D254-437E-BF3A-479F3CD2F6F7}"
EndProject
Project("{FAE04EC0-301F-11D3-BF4B-00C04F79EFBC}") = "Domain", "src\Domain\Domain.csproj", "{9185AC33-5A7A-4738-BC2B-AAE628269B8A}"
EndProject
Project("{FAE04EC0-301F-11D3-BF4B-00C04F79EFBC}") = "Shared", "src\Shared\Shared.csproj", "{D16939C9-D5E8-44A3-8E46-497293A201B8}"
EndProject
Project("{FAE04EC0-301F-11D3-BF4B-00C04F79EFBC}") = "Infrastructure", "src\Infrastructure\Infrastructure.csproj", "{C78D46DF-BF96-4F17-A773-9BCC57A0AA9E}"
EndProject
Project("{FAE04EC0-301F-11D3-BF4B-00C04F79EFBC}") = "Web.Api", "src\Web.Api\Web.Api.csproj", "{51EAC456-098C-4A9B-9723-2C39AA057C24}"
EndProject
Global
	GlobalSection(SolutionConfigurationPlatforms) = preSolution
		Debug|Any CPU = Debug|Any CPU
		Debug|x64 = Debug|x64
		Debug|x86 = Debug|x86
		Release|Any CPU = Release|Any CPU
		Release|x64 = Release|x64
		Release|x86 = Release|x86
	EndGlobalSection
	GlobalSection(ProjectConfigurationPlatforms) = postSolution
		{366B070F-D254-437E-BF3A-479F3CD2F6F7}.Debug|Any CPU.ActiveCfg = Debug|Any CPU
		{366B070F-D254-437E-BF3A-479F3CD2F6F7}.Debug|Any CPU.Build.0 = Debug|Any CPU
		{366B070F-D254-437E-BF3A-479F3CD2F6F7}.Debug|x64.ActiveCfg = Debug|Any CPU
		{366B070F-D254-437E-BF3A-479F3CD2F6F7}.Debug|x64.Build.0 = Debug|Any CPU
		{366B070F-D254-437E-BF3A-479F3CD2F6F7}.Debug|x86.ActiveCfg = Debug|Any CPU
		{366B070F-D254-437E-BF3A-479F3CD2F6F7}.Debug|x86.Build.0 = Debug|Any CPU
		{366B070F-D254-437E-BF3A-479F3CD2F6F7}.Release|Any CPU.ActiveCfg = Release|Any CPU
		{366B070F-D254-437E-BF3A-479F3CD2F6F7}.Release|Any CPU.Build.0 = Release|Any CPU
		{366B070F-D254-437E-BF3A-479F3CD2F6F7}.Release|x64.ActiveCfg = Release|Any CPU
		{366B070F-D254-437E-BF3A-479F3CD2F6F7}.Release|x64.Build.0 = Release|Any CPU
		{366B070F-D254-437E-BF3A-479F3CD2F6F7}.Release|x86.ActiveCfg = Release|Any CPU
		{366B070F-D254-437E-BF3A-479F3CD2F6F7}.Release|x86.Build.0 = Release|Any CPU
		{9185AC33-5A7A-4738-BC2B-AAE628269B8A}.Debug|Any CPU.ActiveCfg = Debug|Any CPU
		{9185AC33-5A7A-4738-BC2B-AAE628269B8A}.Debug|Any CPU.Build.0 = Debug|Any CPU
		{9185AC33-5A7A-4738-BC2B-AAE628269B8A}.Debug|x64.ActiveCfg = Debug|Any CPU
		{9185AC33-5A7A-4738-BC2B-AAE628269B8A}.Debug|x64.Build.0 = Debug|Any CPU
		{9185AC33-5A7A-4738-BC2B-AAE628269B8A}.Debug|x86.ActiveCfg = Debug|Any CPU
		{9185AC33-5A7A-4738-BC2B-AAE628269B8A}.Debug|x86.Build.0 = Debug|Any CPU
		{9185AC33-5A7A-4738-BC2B-AAE628269B8A}.Release|Any CPU.ActiveCfg = Release|Any CPU
		{9185AC33-5A7A-4738-BC2B-AAE628269B8A}.Release|Any CPU.Build.0 = Release|Any CPU
		{9185AC33-5A7A-4738-BC2B-AAE628269B8A}.Release|x64.ActiveCfg = Release|Any CPU
		{9185AC33-5A7A-4738-BC2B-AAE628269B8A}.Release|x64.Build.0 = Release|Any CPU
		{9185AC33-5A7A-4738-BC2B-AAE628269B8A}.Release|x86.ActiveCfg = Release|Any CPU
		{9185AC33-5A7A-4738-BC2B-AAE628269B8A}.Release|x86.Build.0 = Release|Any CPU
		{D16939C9-D5E8-44A3-8E46-497293A201B8}.Debug|Any CPU.ActiveCfg = Debug|Any CPU
		{D16939C9-D5E8-44A3-8E46-497293A201B8}.Debug|Any CPU.Build.0 = Debug|Any CPU
		{D16939C9-D5E8-44A3-8E46-497293A201B8}.Debug|x64.ActiveCfg = Debug|Any CPU
		{D16939C9-D5E8-44A3-8E46-497293A201B8}.Debug|x64.Build.0 = Debug|Any CPU
		{D16939C9-D5E8-44A3-8E46-497293A201B8}.Debug|x86.ActiveCfg = Debug|Any CPU
		{D16939C9-D5E8-44A3-8E46-497293A201B8}.Debug|x86.Build.0 = Debug|Any CPU
		{D16939C9-D5E8-44A3-8E46-497293A201B8}.Release|Any CPU.ActiveCfg = Release|Any CPU
		{D16939C9-D5E8-44A3-8E46-497293A201B8}.Release|Any CPU.Build.0 = Release|Any CPU
		{D16939C9-D5E8-44A3-8E46-497293A201B8}.Release|x64.ActiveCfg = Release|Any CPU
		{D16939C9-D5E8-44A3-8E46-497293A201B8}.Release|x64.Build.0 = Release|Any CPU
		{D16939C9-D5E8-44A3-8E46-497293A201B8}.Release|x86.ActiveCfg = Release|Any CPU
		{D16939C9-D5E8-44A3-8E46-497293A201B8}.Release|x86.Build.0 = Release|Any CPU
		{C78D46DF-BF96-4F17-A773-9BCC57A0AA9E}.Debug|Any CPU.ActiveCfg = Debug|Any CPU
		{C78D46DF-BF96-4F17-A773-9BCC57A0AA9E}.Debug|Any CPU.Build.0 = Debug|Any CPU
		{C78D46DF-BF96-4F17-A773-9BCC57A0AA9E}.Debug|x64.ActiveCfg = Debug|Any CPU
		{C78D46DF-BF96-4F17-A773-9BCC57A0AA9E}.Debug|x64.Build.0 = Debug|Any CPU
		{C78D46DF-BF96-4F17-A773-9BCC57A0AA9E}.Debug|x86.ActiveCfg = Debug|Any CPU
		{C78D46DF-BF96-4F17-A773-9BCC57A0AA9E}.Debug|x86.Build.0 = Debug|Any CPU
		{C78D46DF-BF96-4F17-A773-9BCC57A0AA9E}.Release|Any CPU.ActiveCfg = Release|Any CPU
		{C78D46DF-BF96-4F17-A773-9BCC57A0AA9E}.Release|Any CPU.Build.0 = Release|Any CPU
		{C78D46DF-BF96-4F17-A773-9BCC57A0AA9E}.Release|x64.ActiveCfg = Release|Any CPU
		{C78D46DF-BF96-4F17-A773-9BCC57A0AA9E}.Release|x64.Build.0 = Release|Any CPU
		{C78D46DF-BF96-4F17-A773-9BCC57A0AA9E}.Release|x86.ActiveCfg = Release|Any CPU
		{C78D46DF-BF96-4F17-A773-9BCC57A0AA9E}.Release|x86.Build.0 = Release|Any CPU
		{51EAC456-098C-4A9B-9723-2C39AA057C24}.Debug|Any CPU.ActiveCfg = Debug|Any CPU
		{51EAC456-098C-4A9B-9723-2C39AA057C24}.Debug|Any CPU.Build.0 = Debug|Any CPU
		{51EAC456-098C-4A9B-9723-2C39AA057C24}.Debug|x64.ActiveCfg = Debug|Any CPU
		{51EAC456-098C-4A9B-9723-2C39AA057C24}.Debug|x64.Build.0 = Debug|Any CPU
		{51EAC456-098C-4A9B-9723-2C39AA057C24}.Debug|x86.ActiveCfg = Debug|Any CPU
		{51EAC456-098C-4A9B-9723-2C39AA057C24}.Debug|x86.Build.0 = Debug|Any CPU
		{51EAC456-098C-4A9B-9723-2C39AA057C24}.Release|Any CPU.ActiveCfg = Release|Any CPU
		{51EAC456-098C-4A9B-9723-2C39AA057C24}.Release|Any CPU.Build.0 = Release|Any CPU
		{51EAC456-098C-4A9B-9723-2C39AA057C24}.Release|x64.ActiveCfg = Release|Any CPU
		{51EAC456-098C-4A9B-9723-2C39AA057C24}.Release|x64.Build.0 = Release|Any CPU
		{51EAC456-098C-4A9B-9723-2C39AA057C24}.Release|x86.ActiveCfg = Release|Any CPU
		{51EAC456-098C-4A9B-9723-2C39AA057C24}.Release|x86.Build.0 = Release|Any CPU
	EndGlobalSection
	GlobalSection(SolutionProperties) = preSolution
		HideSolutionNode = FALSE
	EndGlobalSection
	GlobalSection(NestedProjects) = preSolution
		{366B070F-D254-437E-BF3A-479F3CD2F6F7} = {827E0CD3-B72D-47B6-A68D-7590B98EB39B}
		{9185AC33-5A7A-4738-BC2B-AAE628269B8A} = {827E0CD3-B72D-47B6-A68D-7590B98EB39B}
		{D16939C9-D5E8-44A3-8E46-497293A201B8} = {827E0CD3-B72D-47B6-A68D-7590B98EB39B}
		{C78D46DF-BF96-4F17-A773-9BCC57A0AA9E} = {827E0CD3-B72D-47B6-A68D-7590B98EB39B}
		{51EAC456-098C-4A9B-9723-2C39AA057C24} = {827E0CD3-B72D-47B6-A68D-7590B98EB39B}
	EndGlobalSection
EndGlobal
